
Microsoft Visual Studio Solution File, Format Version 12.00
# Visual Studio Version 17
VisualStudioVersion = 17.9.34728.123
MinimumVisualStudioVersion = 10.0.40219.1
Project("{FAE04EC0-301F-11D3-BF4B-00C04F79EFBC}") = "ExceptionQuestion", "ExceptionQuestion\ExceptionQuestion.csproj", "{431A8A11-DBE1-4BD8-90F7-C6C78D3BAAAB}"
EndProject
Global
	GlobalSection(SolutionConfigurationPlatforms) = preSolution
		Debug|Any CPU = Debug|Any CPU
		Release|Any CPU = Release|Any CPU
	EndGlobalSection
	GlobalSection(ProjectConfigurationPlatforms) = postSolution
		{431A8A11-DBE1-4BD8-90F7-C6C78D3BAAAB}.Debug|Any CPU.ActiveCfg = Debug|Any CPU
		{431A8A11-DBE1-4BD8-90F7-C6C78D3BAAAB}.Debug|Any CPU.Build.0 = Debug|Any CPU
		{431A8A11-DBE1-4BD8-90F7-C6C78D3BAAAB}.Release|Any CPU.ActiveCfg = Release|Any CPU
		{431A8A11-DBE1-4BD8-90F7-C6C78D3BAAAB}.Release|Any CPU.Build.0 = Release|Any CPU
	EndGlobalSection
	GlobalSection(SolutionProperties) = preSolution
		HideSolutionNode = FALSE
	EndGlobalSection
	GlobalSection(ExtensibilityGlobals) = postSolution
		SolutionGuid = {F22FB437-E1FE-455B-AF51-A18623B36B1B}
	EndGlobalSection
EndGlobal
